
Microsoft Visual Studio Solution File, Format Version 12.00
# Visual Studio Version 16
VisualStudioVersion = 16.0.31129.286
MinimumVisualStudioVersion = 10.0.40219.1
Project("{FAE04EC0-301F-11D3-BF4B-00C04F79EFBC}") = "Demo-Factorial", "Demo-Factorial\Demo-Factorial.csproj", "{532A3BED-1861-4169-8AD1-7251F0F64F0C}"
EndProject
Project("{FAE04EC0-301F-11D3-BF4B-00C04F79EFBC}") = "Demo-Fibonacci", "Demo-Fibonacci\Demo-Fibonacci.csproj", "{D4B0FF5C-0112-4AE4-840F-407D1825B59E}"
EndProject
Project("{FAE04EC0-301F-11D3-BF4B-00C04F79EFBC}") = "Demo-MIDC", "Demo-MIDC\Demo-MIDC.csproj", "{772972D8-409D-40EB-AEF6-059ECEDC398C}"
EndProject
Project("{FAE04EC0-301F-11D3-BF4B-00C04F79EFBC}") = "Demo-Fibonacci-Advanced", "Demo-Fibonacci-Advanced\Demo-Fibonacci-Advanced.csproj", "{7D587FD8-BAC1-4821-BFA2-BADE99E79020}"
EndProject
Global
	GlobalSection(SolutionConfigurationPlatforms) = preSolution
		Debug|Any CPU = Debug|Any CPU
		Release|Any CPU = Release|Any CPU
	EndGlobalSection
	GlobalSection(ProjectConfigurationPlatforms) = postSolution
		{532A3BED-1861-4169-8AD1-7251F0F64F0C}.Debug|Any CPU.ActiveCfg = Debug|Any CPU
		{532A3BED-1861-4169-8AD1-7251F0F64F0C}.Debug|Any CPU.Build.0 = Debug|Any CPU
		{532A3BED-1861-4169-8AD1-7251F0F64F0C}.Release|Any CPU.ActiveCfg = Release|Any CPU
		{532A3BED-1861-4169-8AD1-7251F0F64F0C}.Release|Any CPU.Build.0 = Release|Any CPU
		{D4B0FF5C-0112-4AE4-840F-407D1825B59E}.Debug|Any CPU.ActiveCfg = Debug|Any CPU
		{D4B0FF5C-0112-4AE4-840F-407D1825B59E}.Debug|Any CPU.Build.0 = Debug|Any CPU
		{D4B0FF5C-0112-4AE4-840F-407D1825B59E}.Release|Any CPU.ActiveCfg = Release|Any CPU
		{D4B0FF5C-0112-4AE4-840F-407D1825B59E}.Release|Any CPU.Build.0 = Release|Any CPU
		{772972D8-409D-40EB-AEF6-059ECEDC398C}.Debug|Any CPU.ActiveCfg = Debug|Any CPU
		{772972D8-409D-40EB-AEF6-059ECEDC398C}.Debug|Any CPU.Build.0 = Debug|Any CPU
		{772972D8-409D-40EB-AEF6-059ECEDC398C}.Release|Any CPU.ActiveCfg = Release|Any CPU
		{772972D8-409D-40EB-AEF6-059ECEDC398C}.Release|Any CPU.Build.0 = Release|Any CPU
		{7D587FD8-BAC1-4821-BFA2-BADE99E79020}.Debug|Any CPU.ActiveCfg = Debug|Any CPU
		{7D587FD8-BAC1-4821-BFA2-BADE99E79020}.Debug|Any CPU.Build.0 = Debug|Any CPU
		{7D587FD8-BAC1-4821-BFA2-BADE99E79020}.Release|Any CPU.ActiveCfg = Release|Any CPU
		{7D587FD8-BAC1-4821-BFA2-BADE99E79020}.Release|Any CPU.Build.0 = Release|Any CPU
	EndGlobalSection
	GlobalSection(SolutionProperties) = preSolution
		HideSolutionNode = FALSE
	EndGlobalSection
	GlobalSection(ExtensibilityGlobals) = postSolution
		SolutionGuid = {33CC0CEB-8E44-4055-A6DF-14FF10235CC7}
	EndGlobalSection
EndGlobal
